
Microsoft Visual Studio Solution File, Format Version 12.00
# Visual Studio Version 16
VisualStudioVersion = 16.0.30204.135
MinimumVisualStudioVersion = 10.0.40219.1
Project("{FAE04EC0-301F-11D3-BF4B-00C04F79EFBC}") = "Shipping quote", "Shipping quote.csproj", "{E81E9812-FA5B-496B-B28D-4D303E048A52}"
EndProject
Global
	GlobalSection(SolutionConfigurationPlatforms) = preSolution
		Debug|Any CPU = Debug|Any CPU
		Release|Any CPU = Release|Any CPU
	EndGlobalSection
	GlobalSection(ProjectConfigurationPlatforms) = postSolution
		{E81E9812-FA5B-496B-B28D-4D303E048A52}.Debug|Any CPU.ActiveCfg = Debug|Any CPU
		{E81E9812-FA5B-496B-B28D-4D303E048A52}.Debug|Any CPU.Build.0 = Debug|Any CPU
		{E81E9812-FA5B-496B-B28D-4D303E048A52}.Release|Any CPU.ActiveCfg = Release|Any CPU
		{E81E9812-FA5B-496B-B28D-4D303E048A52}.Release|Any CPU.Build.0 = Release|Any CPU
	EndGlobalSection
	GlobalSection(SolutionProperties) = preSolution
		HideSolutionNode = FALSE
	EndGlobalSection
	GlobalSection(ExtensibilityGlobals) = postSolution
		SolutionGuid = {8BF2822D-049B-4464-BE6A-00C9F2AB44DA}
	EndGlobalSection
EndGlobal
