
Microsoft Visual Studio Solution File, Format Version 12.00
# Visual Studio Version 16
VisualStudioVersion = 16.0.30204.135
MinimumVisualStudioVersion = 10.0.40219.1
Project("{FAE04EC0-301F-11D3-BF4B-00C04F79EFBC}") = "Class_Method_assignment_3", "Class_Method_assignment_3.csproj", "{A6294051-2A30-4A6C-A41F-6B6023AACA46}"
EndProject
Global
	GlobalSection(SolutionConfigurationPlatforms) = preSolution
		Debug|Any CPU = Debug|Any CPU
		Release|Any CPU = Release|Any CPU
	EndGlobalSection
	GlobalSection(ProjectConfigurationPlatforms) = postSolution
		{A6294051-2A30-4A6C-A41F-6B6023AACA46}.Debug|Any CPU.ActiveCfg = Debug|Any CPU
		{A6294051-2A30-4A6C-A41F-6B6023AACA46}.Debug|Any CPU.Build.0 = Debug|Any CPU
		{A6294051-2A30-4A6C-A41F-6B6023AACA46}.Release|Any CPU.ActiveCfg = Release|Any CPU
		{A6294051-2A30-4A6C-A41F-6B6023AACA46}.Release|Any CPU.Build.0 = Release|Any CPU
	EndGlobalSection
	GlobalSection(SolutionProperties) = preSolution
		HideSolutionNode = FALSE
	EndGlobalSection
	GlobalSection(ExtensibilityGlobals) = postSolution
		SolutionGuid = {2AB9A553-3BC3-4F0C-9D04-BD981EB9B3A4}
	EndGlobalSection
EndGlobal
