
Microsoft Visual Studio Solution File, Format Version 12.00
# Visual Studio Version 16
VisualStudioVersion = 16.0.30204.135
MinimumVisualStudioVersion = 10.0.40219.1
Project("{FAE04EC0-301F-11D3-BF4B-00C04F79EFBC}") = "Anonymous income comparison program", "Anonymous income comparison program.csproj", "{FB9C4814-BEB4-4A61-8E66-7DED7D5CE205}"
EndProject
Global
	GlobalSection(SolutionConfigurationPlatforms) = preSolution
		Debug|Any CPU = Debug|Any CPU
		Release|Any CPU = Release|Any CPU
	EndGlobalSection
	GlobalSection(ProjectConfigurationPlatforms) = postSolution
		{FB9C4814-BEB4-4A61-8E66-7DED7D5CE205}.Debug|Any CPU.ActiveCfg = Debug|Any CPU
		{FB9C4814-BEB4-4A61-8E66-7DED7D5CE205}.Debug|Any CPU.Build.0 = Debug|Any CPU
		{FB9C4814-BEB4-4A61-8E66-7DED7D5CE205}.Release|Any CPU.ActiveCfg = Release|Any CPU
		{FB9C4814-BEB4-4A61-8E66-7DED7D5CE205}.Release|Any CPU.Build.0 = Release|Any CPU
	EndGlobalSection
	GlobalSection(SolutionProperties) = preSolution
		HideSolutionNode = FALSE
	EndGlobalSection
	GlobalSection(ExtensibilityGlobals) = postSolution
		SolutionGuid = {2B8C7E99-F9BC-44C0-A2AA-9E8F8369F3A3}
	EndGlobalSection
EndGlobal
