
Microsoft Visual Studio Solution File, Format Version 12.00
# Visual Studio Version 16
VisualStudioVersion = 16.0.30204.135
MinimumVisualStudioVersion = 10.0.40219.1
Project("{FAE04EC0-301F-11D3-BF4B-00C04F79EFBC}") = "Loop_while_do", "Loop_while_do.csproj", "{643AB7CF-7110-40DD-8EB9-0501A5DB21A0}"
EndProject
Global
	GlobalSection(SolutionConfigurationPlatforms) = preSolution
		Debug|Any CPU = Debug|Any CPU
		Release|Any CPU = Release|Any CPU
	EndGlobalSection
	GlobalSection(ProjectConfigurationPlatforms) = postSolution
		{643AB7CF-7110-40DD-8EB9-0501A5DB21A0}.Debug|Any CPU.ActiveCfg = Debug|Any CPU
		{643AB7CF-7110-40DD-8EB9-0501A5DB21A0}.Debug|Any CPU.Build.0 = Debug|Any CPU
		{643AB7CF-7110-40DD-8EB9-0501A5DB21A0}.Release|Any CPU.ActiveCfg = Release|Any CPU
		{643AB7CF-7110-40DD-8EB9-0501A5DB21A0}.Release|Any CPU.Build.0 = Release|Any CPU
	EndGlobalSection
	GlobalSection(SolutionProperties) = preSolution
		HideSolutionNode = FALSE
	EndGlobalSection
	GlobalSection(ExtensibilityGlobals) = postSolution
		SolutionGuid = {B674D42A-3E98-4C0F-AE5A-73B6A9C277CA}
	EndGlobalSection
EndGlobal
