
Microsoft Visual Studio Solution File, Format Version 12.00
# Visual Studio Version 16
VisualStudioVersion = 16.0.30204.135
MinimumVisualStudioVersion = 10.0.40219.1
Project("{FAE04EC0-301F-11D3-BF4B-00C04F79EFBC}") = "Car Insurance Program", "Car Insurance Program.csproj", "{D590FE1D-2CB5-4F67-9FAC-9294B9944A2F}"
EndProject
Global
	GlobalSection(SolutionConfigurationPlatforms) = preSolution
		Debug|Any CPU = Debug|Any CPU
		Release|Any CPU = Release|Any CPU
	EndGlobalSection
	GlobalSection(ProjectConfigurationPlatforms) = postSolution
		{D590FE1D-2CB5-4F67-9FAC-9294B9944A2F}.Debug|Any CPU.ActiveCfg = Debug|Any CPU
		{D590FE1D-2CB5-4F67-9FAC-9294B9944A2F}.Debug|Any CPU.Build.0 = Debug|Any CPU
		{D590FE1D-2CB5-4F67-9FAC-9294B9944A2F}.Release|Any CPU.ActiveCfg = Release|Any CPU
		{D590FE1D-2CB5-4F67-9FAC-9294B9944A2F}.Release|Any CPU.Build.0 = Release|Any CPU
	EndGlobalSection
	GlobalSection(SolutionProperties) = preSolution
		HideSolutionNode = FALSE
	EndGlobalSection
	GlobalSection(ExtensibilityGlobals) = postSolution
		SolutionGuid = {CFC22DC7-3686-400A-B9D3-DA198DC19D08}
	EndGlobalSection
EndGlobal
