
Microsoft Visual Studio Solution File, Format Version 12.00
# Visual Studio Version 16
VisualStudioVersion = 16.0.30204.135
MinimumVisualStudioVersion = 10.0.40219.1
Project("{FAE04EC0-301F-11D3-BF4B-00C04F79EFBC}") = "Method_Class_assignment_2", "Method_Class_assignment_2.csproj", "{1B44334E-500A-4C06-BE92-D4404B23856A}"
EndProject
Global
	GlobalSection(SolutionConfigurationPlatforms) = preSolution
		Debug|Any CPU = Debug|Any CPU
		Release|Any CPU = Release|Any CPU
	EndGlobalSection
	GlobalSection(ProjectConfigurationPlatforms) = postSolution
		{1B44334E-500A-4C06-BE92-D4404B23856A}.Debug|Any CPU.ActiveCfg = Debug|Any CPU
		{1B44334E-500A-4C06-BE92-D4404B23856A}.Debug|Any CPU.Build.0 = Debug|Any CPU
		{1B44334E-500A-4C06-BE92-D4404B23856A}.Release|Any CPU.ActiveCfg = Release|Any CPU
		{1B44334E-500A-4C06-BE92-D4404B23856A}.Release|Any CPU.Build.0 = Release|Any CPU
	EndGlobalSection
	GlobalSection(SolutionProperties) = preSolution
		HideSolutionNode = FALSE
	EndGlobalSection
	GlobalSection(ExtensibilityGlobals) = postSolution
		SolutionGuid = {EBE6CCB3-607C-4DD6-B7CC-DA53BA4ABFBD}
	EndGlobalSection
EndGlobal
